
Microsoft Visual Studio Solution File, Format Version 11.00
# Visual Studio 2010
Project("{FAE04EC0-301F-11D3-BF4B-00C04F79EFBC}") = "VuforiaScripts", "VuforiaScripts.csproj", "{1699B298-66C1-681E-0367-3C0B40805522}"
EndProject
Project("{FAE04EC0-301F-11D3-BF4B-00C04F79EFBC}") = "Assembly-CSharp", "Assembly-CSharp.csproj", "{0DABCE1E-20F3-634B-CABF-59292BDA09D7}"
EndProject
Project("{FAE04EC0-301F-11D3-BF4B-00C04F79EFBC}") = "VuforiaPackageTests", "VuforiaPackageTests.csproj", "{6489EC9A-CA64-0C5E-2C63-3B528F798520}"
EndProject
Project("{FAE04EC0-301F-11D3-BF4B-00C04F79EFBC}") = "VuforiaEditorScripts", "VuforiaEditorScripts.csproj", "{F1667EEC-E867-1FE2-FB1C-4138C201BAB8}"
EndProject
Global
	GlobalSection(SolutionConfigurationPlatforms) = preSolution
		Debug|Any CPU = Debug|Any CPU
		Release|Any CPU = Release|Any CPU
	EndGlobalSection
	GlobalSection(ProjectConfigurationPlatforms) = postSolution
		{1699B298-66C1-681E-0367-3C0B40805522}.Debug|Any CPU.ActiveCfg = Debug|Any CPU
		{1699B298-66C1-681E-0367-3C0B40805522}.Debug|Any CPU.Build.0 = Debug|Any CPU
		{1699B298-66C1-681E-0367-3C0B40805522}.Release|Any CPU.ActiveCfg = Release|Any CPU
		{1699B298-66C1-681E-0367-3C0B40805522}.Release|Any CPU.Build.0 = Release|Any CPU
		{0DABCE1E-20F3-634B-CABF-59292BDA09D7}.Debug|Any CPU.ActiveCfg = Debug|Any CPU
		{0DABCE1E-20F3-634B-CABF-59292BDA09D7}.Debug|Any CPU.Build.0 = Debug|Any CPU
		{0DABCE1E-20F3-634B-CABF-59292BDA09D7}.Release|Any CPU.ActiveCfg = Release|Any CPU
		{0DABCE1E-20F3-634B-CABF-59292BDA09D7}.Release|Any CPU.Build.0 = Release|Any CPU
		{6489EC9A-CA64-0C5E-2C63-3B528F798520}.Debug|Any CPU.ActiveCfg = Debug|Any CPU
		{6489EC9A-CA64-0C5E-2C63-3B528F798520}.Debug|Any CPU.Build.0 = Debug|Any CPU
		{6489EC9A-CA64-0C5E-2C63-3B528F798520}.Release|Any CPU.ActiveCfg = Release|Any CPU
		{6489EC9A-CA64-0C5E-2C63-3B528F798520}.Release|Any CPU.Build.0 = Release|Any CPU
		{F1667EEC-E867-1FE2-FB1C-4138C201BAB8}.Debug|Any CPU.ActiveCfg = Debug|Any CPU
		{F1667EEC-E867-1FE2-FB1C-4138C201BAB8}.Debug|Any CPU.Build.0 = Debug|Any CPU
		{F1667EEC-E867-1FE2-FB1C-4138C201BAB8}.Release|Any CPU.ActiveCfg = Release|Any CPU
		{F1667EEC-E867-1FE2-FB1C-4138C201BAB8}.Release|Any CPU.Build.0 = Release|Any CPU
	EndGlobalSection
	GlobalSection(SolutionProperties) = preSolution
		HideSolutionNode = FALSE
	EndGlobalSection
EndGlobal
